
Microsoft Visual Studio Solution File, Format Version 12.00
# Visual Studio Version 17
VisualStudioVersion = 17.14.36203.30 d17.14
MinimumVisualStudioVersion = 10.0.40219.1
Project("{FAE04EC0-301F-11D3-BF4B-00C04F79EFBC}") = "PraceSTextovymiSoubory", "PraceSTextovymiSoubory\PraceSTextovymiSoubory.csproj", "{74580779-F1E9-4698-8C98-87C87B72F322}"
EndProject
Global
	GlobalSection(SolutionConfigurationPlatforms) = preSolution
		Debug|Any CPU = Debug|Any CPU
		Release|Any CPU = Release|Any CPU
	EndGlobalSection
	GlobalSection(ProjectConfigurationPlatforms) = postSolution
		{74580779-F1E9-4698-8C98-87C87B72F322}.Debug|Any CPU.ActiveCfg = Debug|Any CPU
		{74580779-F1E9-4698-8C98-87C87B72F322}.Debug|Any CPU.Build.0 = Debug|Any CPU
		{74580779-F1E9-4698-8C98-87C87B72F322}.Release|Any CPU.ActiveCfg = Release|Any CPU
		{74580779-F1E9-4698-8C98-87C87B72F322}.Release|Any CPU.Build.0 = Release|Any CPU
	EndGlobalSection
	GlobalSection(SolutionProperties) = preSolution
		HideSolutionNode = FALSE
	EndGlobalSection
	GlobalSection(ExtensibilityGlobals) = postSolution
		SolutionGuid = {08385505-EE9E-4D37-9260-BC350F2AE76E}
	EndGlobalSection
EndGlobal
