
Microsoft Visual Studio Solution File, Format Version 12.00
# Visual Studio Version 17
VisualStudioVersion = 17.14.36203.30 d17.14
MinimumVisualStudioVersion = 10.0.40219.1
Project("{FAE04EC0-301F-11D3-BF4B-00C04F79EFBC}") = "UvodniUkol_Filmy", "UvodniUkol_Filmy\UvodniUkol_Filmy.csproj", "{D83666FE-689C-4DBB-88A7-DB170E0F643C}"
EndProject
Global
	GlobalSection(SolutionConfigurationPlatforms) = preSolution
		Debug|Any CPU = Debug|Any CPU
		Release|Any CPU = Release|Any CPU
	EndGlobalSection
	GlobalSection(ProjectConfigurationPlatforms) = postSolution
		{D83666FE-689C-4DBB-88A7-DB170E0F643C}.Debug|Any CPU.ActiveCfg = Debug|Any CPU
		{D83666FE-689C-4DBB-88A7-DB170E0F643C}.Debug|Any CPU.Build.0 = Debug|Any CPU
		{D83666FE-689C-4DBB-88A7-DB170E0F643C}.Release|Any CPU.ActiveCfg = Release|Any CPU
		{D83666FE-689C-4DBB-88A7-DB170E0F643C}.Release|Any CPU.Build.0 = Release|Any CPU
	EndGlobalSection
	GlobalSection(SolutionProperties) = preSolution
		HideSolutionNode = FALSE
	EndGlobalSection
	GlobalSection(ExtensibilityGlobals) = postSolution
		SolutionGuid = {59F4DB1E-47AA-4C29-A32B-A58CC3270E37}
	EndGlobalSection
EndGlobal
