
Microsoft Visual Studio Solution File, Format Version 12.00
# Visual Studio Version 17
VisualStudioVersion = 17.11.35312.102
MinimumVisualStudioVersion = 10.0.40219.1
Project("{FAE04EC0-301F-11D3-BF4B-00C04F79EFBC}") = "Topo_usp_Abeceda", "Topo_usp_Abeceda\Topo_usp_Abeceda.csproj", "{823FD1E6-EDFB-4A2C-88DF-45BD95697B90}"
EndProject
Global
	GlobalSection(SolutionConfigurationPlatforms) = preSolution
		Debug|Any CPU = Debug|Any CPU
		Release|Any CPU = Release|Any CPU
	EndGlobalSection
	GlobalSection(ProjectConfigurationPlatforms) = postSolution
		{823FD1E6-EDFB-4A2C-88DF-45BD95697B90}.Debug|Any CPU.ActiveCfg = Debug|Any CPU
		{823FD1E6-EDFB-4A2C-88DF-45BD95697B90}.Debug|Any CPU.Build.0 = Debug|Any CPU
		{823FD1E6-EDFB-4A2C-88DF-45BD95697B90}.Release|Any CPU.ActiveCfg = Release|Any CPU
		{823FD1E6-EDFB-4A2C-88DF-45BD95697B90}.Release|Any CPU.Build.0 = Release|Any CPU
	EndGlobalSection
	GlobalSection(SolutionProperties) = preSolution
		HideSolutionNode = FALSE
	EndGlobalSection
	GlobalSection(ExtensibilityGlobals) = postSolution
		SolutionGuid = {70713F89-45CE-40DF-AD0A-D70B9FB52440}
	EndGlobalSection
EndGlobal
